
Microsoft Visual Studio Solution File, Format Version 12.00
# Visual Studio Version 17
VisualStudioVersion = 17.6.33801.468
MinimumVisualStudioVersion = 10.0.40219.1
Project("{9A19103F-16F7-4668-BE54-9A1E7A4F7556}") = "NoMappingBySample", "NoMappingBySample\NoMappingBySample.csproj", "{2FFD3C0B-1997-4870-A0D6-A50DB6FD5DB9}"
EndProject
Project("{FAE04EC0-301F-11D3-BF4B-00C04F79EFBC}") = "NoMappingSample.Tests", "NoMappingSample.Tests\NoMappingSample.Tests.csproj", "{089FEA56-4E55-429B-BDA4-E56B5EFA7E3A}"
EndProject
Global
	GlobalSection(SolutionConfigurationPlatforms) = preSolution
		Debug|Any CPU = Debug|Any CPU
		Release|Any CPU = Release|Any CPU
	EndGlobalSection
	GlobalSection(ProjectConfigurationPlatforms) = postSolution
		{2FFD3C0B-1997-4870-A0D6-A50DB6FD5DB9}.Debug|Any CPU.ActiveCfg = Debug|Any CPU
		{2FFD3C0B-1997-4870-A0D6-A50DB6FD5DB9}.Debug|Any CPU.Build.0 = Debug|Any CPU
		{2FFD3C0B-1997-4870-A0D6-A50DB6FD5DB9}.Release|Any CPU.ActiveCfg = Release|Any CPU
		{2FFD3C0B-1997-4870-A0D6-A50DB6FD5DB9}.Release|Any CPU.Build.0 = Release|Any CPU
		{089FEA56-4E55-429B-BDA4-E56B5EFA7E3A}.Debug|Any CPU.ActiveCfg = Debug|Any CPU
		{089FEA56-4E55-429B-BDA4-E56B5EFA7E3A}.Debug|Any CPU.Build.0 = Debug|Any CPU
		{089FEA56-4E55-429B-BDA4-E56B5EFA7E3A}.Release|Any CPU.ActiveCfg = Release|Any CPU
		{089FEA56-4E55-429B-BDA4-E56B5EFA7E3A}.Release|Any CPU.Build.0 = Release|Any CPU
	EndGlobalSection
	GlobalSection(SolutionProperties) = preSolution
		HideSolutionNode = FALSE
	EndGlobalSection
	GlobalSection(ExtensibilityGlobals) = postSolution
		SolutionGuid = {C1DC2C93-D541-4BB8-BBDD-E29108F95EFA}
	EndGlobalSection
EndGlobal
